
Microsoft Visual Studio Solution File, Format Version 12.00
# Visual Studio 15
VisualStudioVersion = 15.0.28307.852
MinimumVisualStudioVersion = 10.0.40219.1
Project("{FAE04EC0-301F-11D3-BF4B-00C04F79EFBC}") = "ComandosYMenus", "ComandosYMenus\ComandosYMenus.csproj", "{7A7EAE0B-5E78-44A9-91ED-0EEF65F28E3B}"
EndProject
Global
	GlobalSection(SolutionConfigurationPlatforms) = preSolution
		Debug|Any CPU = Debug|Any CPU
		Release|Any CPU = Release|Any CPU
	EndGlobalSection
	GlobalSection(ProjectConfigurationPlatforms) = postSolution
		{7A7EAE0B-5E78-44A9-91ED-0EEF65F28E3B}.Debug|Any CPU.ActiveCfg = Debug|Any CPU
		{7A7EAE0B-5E78-44A9-91ED-0EEF65F28E3B}.Debug|Any CPU.Build.0 = Debug|Any CPU
		{7A7EAE0B-5E78-44A9-91ED-0EEF65F28E3B}.Release|Any CPU.ActiveCfg = Release|Any CPU
		{7A7EAE0B-5E78-44A9-91ED-0EEF65F28E3B}.Release|Any CPU.Build.0 = Release|Any CPU
	EndGlobalSection
	GlobalSection(SolutionProperties) = preSolution
		HideSolutionNode = FALSE
	EndGlobalSection
	GlobalSection(ExtensibilityGlobals) = postSolution
		SolutionGuid = {023A68C6-A395-4858-AEC4-FA8167B941EB}
	EndGlobalSection
EndGlobal
